
Microsoft Visual Studio Solution File, Format Version 12.00
# Visual Studio 14
VisualStudioVersion = 14.0.25420.1
MinimumVisualStudioVersion = 10.0.40219.1
Project("{FAE04EC0-301F-11D3-BF4B-00C04F79EFBC}") = "ClassesTutorial", "ClassesTutorial\ClassesTutorial.csproj", "{1E9EE181-A4A2-419E-829C-0716D5F7217D}"
EndProject
Project("{FAE04EC0-301F-11D3-BF4B-00C04F79EFBC}") = "SomeRandomClasses", "SomeRandomClasses\SomeRandomClasses.csproj", "{EB64FF91-D211-419F-930F-7EF1DF99DBD4}"
EndProject
Global
	GlobalSection(SolutionConfigurationPlatforms) = preSolution
		Debug|Any CPU = Debug|Any CPU
		Release|Any CPU = Release|Any CPU
	EndGlobalSection
	GlobalSection(ProjectConfigurationPlatforms) = postSolution
		{1E9EE181-A4A2-419E-829C-0716D5F7217D}.Debug|Any CPU.ActiveCfg = Debug|Any CPU
		{1E9EE181-A4A2-419E-829C-0716D5F7217D}.Debug|Any CPU.Build.0 = Debug|Any CPU
		{1E9EE181-A4A2-419E-829C-0716D5F7217D}.Release|Any CPU.ActiveCfg = Release|Any CPU
		{1E9EE181-A4A2-419E-829C-0716D5F7217D}.Release|Any CPU.Build.0 = Release|Any CPU
		{EB64FF91-D211-419F-930F-7EF1DF99DBD4}.Debug|Any CPU.ActiveCfg = Debug|Any CPU
		{EB64FF91-D211-419F-930F-7EF1DF99DBD4}.Debug|Any CPU.Build.0 = Debug|Any CPU
		{EB64FF91-D211-419F-930F-7EF1DF99DBD4}.Release|Any CPU.ActiveCfg = Release|Any CPU
		{EB64FF91-D211-419F-930F-7EF1DF99DBD4}.Release|Any CPU.Build.0 = Release|Any CPU
	EndGlobalSection
	GlobalSection(SolutionProperties) = preSolution
		HideSolutionNode = FALSE
	EndGlobalSection
EndGlobal
